
Microsoft Visual Studio Solution File, Format Version 12.00
# Visual Studio Version 16
VisualStudioVersion = 16.0.30413.136
MinimumVisualStudioVersion = 10.0.40219.1
Project("{FAE04EC0-301F-11D3-BF4B-00C04F79EFBC}") = "PortMachine", "PortMachine\PortMachine.csproj", "{F7DF687E-9BE5-46D9-946C-AC7957FF6D53}"
EndProject
Project("{2150E333-8FDC-42A3-9474-1A3956D46DE8}") = "Givet", "Givet", "{207E4FB5-2402-4701-9B93-1649AE5A0EB8}"
	ProjectSection(SolutionItems) = preProject
		..\..\ItemProviders\GaussianDistribution.cs = ..\..\ItemProviders\GaussianDistribution.cs
		..\..\ItemProviders\IItemProvider.cs = ..\..\ItemProviders\IItemProvider.cs
		..\..\ItemProviders\ItemProvider.cs = ..\..\ItemProviders\ItemProvider.cs
	EndProjectSection
EndProject
Global
	GlobalSection(SolutionConfigurationPlatforms) = preSolution
		Debug|Any CPU = Debug|Any CPU
		Release|Any CPU = Release|Any CPU
	EndGlobalSection
	GlobalSection(ProjectConfigurationPlatforms) = postSolution
		{F7DF687E-9BE5-46D9-946C-AC7957FF6D53}.Debug|Any CPU.ActiveCfg = Debug|Any CPU
		{F7DF687E-9BE5-46D9-946C-AC7957FF6D53}.Debug|Any CPU.Build.0 = Debug|Any CPU
		{F7DF687E-9BE5-46D9-946C-AC7957FF6D53}.Release|Any CPU.ActiveCfg = Release|Any CPU
		{F7DF687E-9BE5-46D9-946C-AC7957FF6D53}.Release|Any CPU.Build.0 = Release|Any CPU
	EndGlobalSection
	GlobalSection(SolutionProperties) = preSolution
		HideSolutionNode = FALSE
	EndGlobalSection
	GlobalSection(ExtensibilityGlobals) = postSolution
		SolutionGuid = {6E2B9076-8660-4E73-9909-0F4384704159}
	EndGlobalSection
EndGlobal
