
Microsoft Visual Studio Solution File, Format Version 12.00
# Visual Studio Version 16
VisualStudioVersion = 16.0.30413.136
MinimumVisualStudioVersion = 10.0.40219.1
Project("{FAE04EC0-301F-11D3-BF4B-00C04F79EFBC}") = "CardGame", "CardGame\CardGame.csproj", "{7DEB54A4-3462-407A-B988-38D06F136EF6}"
EndProject
Global
	GlobalSection(SolutionConfigurationPlatforms) = preSolution
		Debug|Any CPU = Debug|Any CPU
		Release|Any CPU = Release|Any CPU
	EndGlobalSection
	GlobalSection(ProjectConfigurationPlatforms) = postSolution
		{7DEB54A4-3462-407A-B988-38D06F136EF6}.Debug|Any CPU.ActiveCfg = Debug|Any CPU
		{7DEB54A4-3462-407A-B988-38D06F136EF6}.Debug|Any CPU.Build.0 = Debug|Any CPU
		{7DEB54A4-3462-407A-B988-38D06F136EF6}.Release|Any CPU.ActiveCfg = Release|Any CPU
		{7DEB54A4-3462-407A-B988-38D06F136EF6}.Release|Any CPU.Build.0 = Release|Any CPU
	EndGlobalSection
	GlobalSection(SolutionProperties) = preSolution
		HideSolutionNode = FALSE
	EndGlobalSection
	GlobalSection(ExtensibilityGlobals) = postSolution
		SolutionGuid = {1362D342-E8AE-4656-B5B4-00212F359D72}
	EndGlobalSection
EndGlobal
